// !$*UTF8*$!
{
	archiveVersion = 1;
	classes = {
	};
	objectVersion = 50;
	objects = {

/* Begin PBXBuildFile section */
		07088F4F9F5E82DCA2E3BDE4 /* Pods_LifeToDoTests.framework in Frameworks */ = {isa = PBXBuildFile; fileRef = BC8C7FAC4D7C5A681D74AF38 /* Pods_LifeToDoTests.framework */; };
		274EF6D52D2C105305B91FF8 /* Pods_LifeToDoUITests.framework in Frameworks */ = {isa = PBXBuildFile; fileRef = 54748D4FF665697D32B6117C /* Pods_LifeToDoUITests.framework */; };
		9617DDD120970BAD00A37591 /* AppDelegate.swift in Sources */ = {isa = PBXBuildFile; fileRef = 9617DDD020970BAD00A37591 /* AppDelegate.swift */; };
		9617DDD320970BAD00A37591 /* ViewController.swift in Sources */ = {isa = PBXBuildFile; fileRef = 9617DDD220970BAD00A37591 /* ViewController.swift */; };
		9617DDD620970BAD00A37591 /* Main.storyboard in Resources */ = {isa = PBXBuildFile; fileRef = 9617DDD420970BAD00A37591 /* Main.storyboard */; };
		9617DDD820970BAE00A37591 /* Assets.xcassets in Resources */ = {isa = PBXBuildFile; fileRef = 9617DDD720970BAE00A37591 /* Assets.xcassets */; };
		9617DDDB20970BAE00A37591 /* LaunchScreen.storyboard in Resources */ = {isa = PBXBuildFile; fileRef = 9617DDD920970BAE00A37591 /* LaunchScreen.storyboard */; };
		9617DDE620970BAE00A37591 /* LifeToDoTests.swift in Sources */ = {isa = PBXBuildFile; fileRef = 9617DDE520970BAE00A37591 /* LifeToDoTests.swift */; };
		9617DDF120970BAE00A37591 /* LifeToDoUITests.swift in Sources */ = {isa = PBXBuildFile; fileRef = 9617DDF020970BAE00A37591 /* LifeToDoUITests.swift */; };
		9617DDFF20970BD500A37591 /* GoogleService-Info.plist in Resources */ = {isa = PBXBuildFile; fileRef = 9617DDFE20970BD500A37591 /* GoogleService-Info.plist */; };
		D48B538BB818113686178A38 /* Pods_LifeToDo.framework in Frameworks */ = {isa = PBXBuildFile; fileRef = F921866B27530093EF981F76 /* Pods_LifeToDo.framework */; };
/* End PBXBuildFile section */

/* Begin PBXContainerItemProxy section */
		9617DDE220970BAE00A37591 /* PBXContainerItemProxy */ = {
			isa = PBXContainerItemProxy;
			containerPortal = 9617DDC520970BAD00A37591 /* Project object */;
			proxyType = 1;
			remoteGlobalIDString = 9617DDCC20970BAD00A37591;
			remoteInfo = LifeToDo;
		};
		9617DDED20970BAE00A37591 /* PBXContainerItemProxy */ = {
			isa = PBXContainerItemProxy;
			containerPortal = 9617DDC520970BAD00A37591 /* Project object */;
			proxyType = 1;
			remoteGlobalIDString = 9617DDCC20970BAD00A37591;
			remoteInfo = LifeToDo;
		};
/* End PBXContainerItemProxy section */

/* Begin PBXFileReference section */
		1DC205A51BB68C09E8C9CC66 /* Pods-LifeToDoUITests.release.xcconfig */ = {isa = PBXFileReference; includeInIndex = 1; lastKnownFileType = text.xcconfig; name = "Pods-LifeToDoUITests.release.xcconfig"; path = "Pods/Target Support Files/Pods-LifeToDoUITests/Pods-LifeToDoUITests.release.xcconfig"; sourceTree = "<group>"; };
		229F0509B9CF4D3013E59D1B /* Pods-LifeToDoTests.debug.xcconfig */ = {isa = PBXFileReference; includeInIndex = 1; lastKnownFileType = text.xcconfig; name = "Pods-LifeToDoTests.debug.xcconfig"; path = "Pods/Target Support Files/Pods-LifeToDoTests/Pods-LifeToDoTests.debug.xcconfig"; sourceTree = "<group>"; };
		54748D4FF665697D32B6117C /* Pods_LifeToDoUITests.framework */ = {isa = PBXFileReference; explicitFileType = wrapper.framework; includeInIndex = 0; path = Pods_LifeToDoUITests.framework; sourceTree = BUILT_PRODUCTS_DIR; };
		5D90918403E5401ABBF4A8B2 /* Pods-LifeToDo.release.xcconfig */ = {isa = PBXFileReference; includeInIndex = 1; lastKnownFileType = text.xcconfig; name = "Pods-LifeToDo.release.xcconfig"; path = "Pods/Target Support Files/Pods-LifeToDo/Pods-LifeToDo.release.xcconfig"; sourceTree = "<group>"; };
		728A6DB51F84FC3BB3D74A05 /* Pods-LifeToDoTests.release.xcconfig */ = {isa = PBXFileReference; includeInIndex = 1; lastKnownFileType = text.xcconfig; name = "Pods-LifeToDoTests.release.xcconfig"; path = "Pods/Target Support Files/Pods-LifeToDoTests/Pods-LifeToDoTests.release.xcconfig"; sourceTree = "<group>"; };
		9617DDCD20970BAD00A37591 /* LifeToDo.app */ = {isa = PBXFileReference; explicitFileType = wrapper.application; includeInIndex = 0; path = LifeToDo.app; sourceTree = BUILT_PRODUCTS_DIR; };
		9617DDD020970BAD00A37591 /* AppDelegate.swift */ = {isa = PBXFileReference; lastKnownFileType = sourcecode.swift; path = AppDelegate.swift; sourceTree = "<group>"; };
		9617DDD220970BAD00A37591 /* ViewController.swift */ = {isa = PBXFileReference; lastKnownFileType = sourcecode.swift; path = ViewController.swift; sourceTree = "<group>"; };
		9617DDD520970BAD00A37591 /* Base */ = {isa = PBXFileReference; lastKnownFileType = file.storyboard; name = Base; path = Base.lproj/Main.storyboard; sourceTree = "<group>"; };
		9617DDD720970BAE00A37591 /* Assets.xcassets */ = {isa = PBXFileReference; lastKnownFileType = folder.assetcatalog; path = Assets.xcassets; sourceTree = "<group>"; };
		9617DDDA20970BAE00A37591 /* Base */ = {isa = PBXFileReference; lastKnownFileType = file.storyboard; name = Base; path = Base.lproj/LaunchScreen.storyboard; sourceTree = "<group>"; };
		9617DDDC20970BAE00A37591 /* Info.plist */ = {isa = PBXFileReference; lastKnownFileType = text.plist.xml; path = Info.plist; sourceTree = "<group>"; };
		9617DDE120970BAE00A37591 /* LifeToDoTests.xctest */ = {isa = PBXFileReference; explicitFileType = wrapper.cfbundle; includeInIndex = 0; path = LifeToDoTests.xctest; sourceTree = BUILT_PRODUCTS_DIR; };
		9617DDE520970BAE00A37591 /* LifeToDoTests.swift */ = {isa = PBXFileReference; lastKnownFileType = sourcecode.swift; path = LifeToDoTests.swift; sourceTree = "<group>"; };
		9617DDE720970BAE00A37591 /* Info.plist */ = {isa = PBXFileReference; lastKnownFileType = text.plist.xml; path = Info.plist; sourceTree = "<group>"; };
		9617DDEC20970BAE00A37591 /* LifeToDoUITests.xctest */ = {isa = PBXFileReference; explicitFileType = wrapper.cfbundle; includeInIndex = 0; path = LifeToDoUITests.xctest; sourceTree = BUILT_PRODUCTS_DIR; };
		9617DDF020970BAE00A37591 /* LifeToDoUITests.swift */ = {isa = PBXFileReference; lastKnownFileType = sourcecode.swift; path = LifeToDoUITests.swift; sourceTree = "<group>"; };
		9617DDF220970BAE00A37591 /* Info.plist */ = {isa = PBXFileReference; lastKnownFileType = text.plist.xml; path = Info.plist; sourceTree = "<group>"; };
		9617DDFE20970BD500A37591 /* GoogleService-Info.plist */ = {isa = PBXFileReference; fileEncoding = 4; lastKnownFileType = text.plist.xml; path = "GoogleService-Info.plist"; sourceTree = "<group>"; };
		A3C2C11A2C0065B06E788AD1 /* Pods-LifeToDo.debug.xcconfig */ = {isa = PBXFileReference; includeInIndex = 1; lastKnownFileType = text.xcconfig; name = "Pods-LifeToDo.debug.xcconfig"; path = "Pods/Target Support Files/Pods-LifeToDo/Pods-LifeToDo.debug.xcconfig"; sourceTree = "<group>"; };
		ADE11DB92FBA2BB4549A04C3 /* Pods-LifeToDoUITests.debug.xcconfig */ = {isa = PBXFileReference; includeInIndex = 1; lastKnownFileType = text.xcconfig; name = "Pods-LifeToDoUITests.debug.xcconfig"; path = "Pods/Target Support Files/Pods-LifeToDoUITests/Pods-LifeToDoUITests.debug.xcconfig"; sourceTree = "<group>"; };
		BC8C7FAC4D7C5A681D74AF38 /* Pods_LifeToDoTests.framework */ = {isa = PBXFileReference; explicitFileType = wrapper.framework; includeInIndex = 0; path = Pods_LifeToDoTests.framework; sourceTree = BUILT_PRODUCTS_DIR; };
		F921866B27530093EF981F76 /* Pods_LifeToDo.framework */ = {isa = PBXFileReference; explicitFileType = wrapper.framework; includeInIndex = 0; path = Pods_LifeToDo.framework; sourceTree = BUILT_PRODUCTS_DIR; };
/* End PBXFileReference section */

/* Begin PBXFrameworksBuildPhase section */
		9617DDCA20970BAD00A37591 /* Frameworks */ = {
			isa = PBXFrameworksBuildPhase;
			buildActionMask = 2147483647;
			files = (
				D48B538BB818113686178A38 /* Pods_LifeToDo.framework in Frameworks */,
			);
			runOnlyForDeploymentPostprocessing = 0;
		};
		9617DDDE20970BAE00A37591 /* Frameworks */ = {
			isa = PBXFrameworksBuildPhase;
			buildActionMask = 2147483647;
			files = (
				07088F4F9F5E82DCA2E3BDE4 /* Pods_LifeToDoTests.framework in Frameworks */,
			);
			runOnlyForDeploymentPostprocessing = 0;
		};
		9617DDE920970BAE00A37591 /* Frameworks */ = {
			isa = PBXFrameworksBuildPhase;
			buildActionMask = 2147483647;
			files = (
				274EF6D52D2C105305B91FF8 /* Pods_LifeToDoUITests.framework in Frameworks */,
			);
			runOnlyForDeploymentPostprocessing = 0;
		};
/* End PBXFrameworksBuildPhase section */

/* Begin PBXGroup section */
		281CD157095D440F055DF5E4 /* Frameworks */ = {
			isa = PBXGroup;
			children = (
				F921866B27530093EF981F76 /* Pods_LifeToDo.framework */,
				BC8C7FAC4D7C5A681D74AF38 /* Pods_LifeToDoTests.framework */,
				54748D4FF665697D32B6117C /* Pods_LifeToDoUITests.framework */,
			);
			name = Frameworks;
			sourceTree = "<group>";
		};
		75A3B423AE619466525740D4 /* Pods */ = {
			isa = PBXGroup;
			children = (
				A3C2C11A2C0065B06E788AD1 /* Pods-LifeToDo.debug.xcconfig */,
				5D90918403E5401ABBF4A8B2 /* Pods-LifeToDo.release.xcconfig */,
				229F0509B9CF4D3013E59D1B /* Pods-LifeToDoTests.debug.xcconfig */,
				728A6DB51F84FC3BB3D74A05 /* Pods-LifeToDoTests.release.xcconfig */,
				ADE11DB92FBA2BB4549A04C3 /* Pods-LifeToDoUITests.debug.xcconfig */,
				1DC205A51BB68C09E8C9CC66 /* Pods-LifeToDoUITests.release.xcconfig */,
			);
			name = Pods;
			sourceTree = "<group>";
		};
		9617DDC420970BAD00A37591 = {
			isa = PBXGroup;
			children = (
				9617DDCF20970BAD00A37591 /* LifeToDo */,
				9617DDE420970BAE00A37591 /* LifeToDoTests */,
				9617DDEF20970BAE00A37591 /* LifeToDoUITests */,
				9617DDCE20970BAD00A37591 /* Products */,
				75A3B423AE619466525740D4 /* Pods */,
				281CD157095D440F055DF5E4 /* Frameworks */,
			);
			sourceTree = "<group>";
		};
		9617DDCE20970BAD00A37591 /* Products */ = {
			isa = PBXGroup;
			children = (
				9617DDCD20970BAD00A37591 /* LifeToDo.app */,
				9617DDE120970BAE00A37591 /* LifeToDoTests.xctest */,
				9617DDEC20970BAE00A37591 /* LifeToDoUITests.xctest */,
			);
			name = Products;
			sourceTree = "<group>";
		};
		9617DDCF20970BAD00A37591 /* LifeToDo */ = {
			isa = PBXGroup;
			children = (
				9617DDFE20970BD500A37591 /* GoogleService-Info.plist */,
				9617DDD020970BAD00A37591 /* AppDelegate.swift */,
				9617DDD220970BAD00A37591 /* ViewController.swift */,
				9617DDD420970BAD00A37591 /* Main.storyboard */,
				9617DDD720970BAE00A37591 /* Assets.xcassets */,
				9617DDD920970BAE00A37591 /* LaunchScreen.storyboard */,
				9617DDDC20970BAE00A37591 /* Info.plist */,
			);
			path = LifeToDo;
			sourceTree = "<group>";
		};
		9617DDE420970BAE00A37591 /* LifeToDoTests */ = {
			isa = PBXGroup;
			children = (
				9617DDE520970BAE00A37591 /* LifeToDoTests.swift */,
				9617DDE720970BAE00A37591 /* Info.plist */,
			);
			path = LifeToDoTests;
			sourceTree = "<group>";
		};
		9617DDEF20970BAE00A37591 /* LifeToDoUITests */ = {
			isa = PBXGroup;
			children = (
				9617DDF020970BAE00A37591 /* LifeToDoUITests.swift */,
				9617DDF220970BAE00A37591 /* Info.plist */,
			);
			path = LifeToDoUITests;
			sourceTree = "<group>";
		};
/* End PBXGroup section */

/* Begin PBXNativeTarget section */
		9617DDCC20970BAD00A37591 /* LifeToDo */ = {
			isa = PBXNativeTarget;
			buildConfigurationList = 9617DDF520970BAE00A37591 /* Build configuration list for PBXNativeTarget "LifeToDo" */;
			buildPhases = (
				6ADD5986EFE93483F02F9EE9 /* [CP] Check Pods Manifest.lock */,
				9617DDC920970BAD00A37591 /* Sources */,
				9617DDCA20970BAD00A37591 /* Frameworks */,
				9617DDCB20970BAD00A37591 /* Resources */,
				519B401DD7A95CF09ECE5BF7 /* [CP] Embed Pods Frameworks */,
			);
			buildRules = (
			);
			dependencies = (
			);
			name = LifeToDo;
			productName = LifeToDo;
			productReference = 9617DDCD20970BAD00A37591 /* LifeToDo.app */;
			productType = "com.apple.product-type.application";
		};
		9617DDE020970BAE00A37591 /* LifeToDoTests */ = {
			isa = PBXNativeTarget;
			buildConfigurationList = 9617DDF820970BAE00A37591 /* Build configuration list for PBXNativeTarget "LifeToDoTests" */;
			buildPhases = (
				CB97832745B31246F00ACC34 /* [CP] Check Pods Manifest.lock */,
				9617DDDD20970BAE00A37591 /* Sources */,
				9617DDDE20970BAE00A37591 /* Frameworks */,
				9617DDDF20970BAE00A37591 /* Resources */,
			);
			buildRules = (
			);
			dependencies = (
				9617DDE320970BAE00A37591 /* PBXTargetDependency */,
			);
			name = LifeToDoTests;
			productName = LifeToDoTests;
			productReference = 9617DDE120970BAE00A37591 /* LifeToDoTests.xctest */;
			productType = "com.apple.product-type.bundle.unit-test";
		};
		9617DDEB20970BAE00A37591 /* LifeToDoUITests */ = {
			isa = PBXNativeTarget;
			buildConfigurationList = 9617DDFB20970BAE00A37591 /* Build configuration list for PBXNativeTarget "LifeToDoUITests" */;
			buildPhases = (
				8D5300F3192982E3E2E32E87 /* [CP] Check Pods Manifest.lock */,
				9617DDE820970BAE00A37591 /* Sources */,
				9617DDE920970BAE00A37591 /* Frameworks */,
				9617DDEA20970BAE00A37591 /* Resources */,
			);
			buildRules = (
			);
			dependencies = (
				9617DDEE20970BAE00A37591 /* PBXTargetDependency */,
			);
			name = LifeToDoUITests;
			productName = LifeToDoUITests;
			productReference = 9617DDEC20970BAE00A37591 /* LifeToDoUITests.xctest */;
			productType = "com.apple.product-type.bundle.ui-testing";
		};
/* End PBXNativeTarget section */

/* Begin PBXProject section */
		9617DDC520970BAD00A37591 /* Project object */ = {
			isa = PBXProject;
			attributes = {
				LastSwiftUpdateCheck = 0930;
				LastUpgradeCheck = 0930;
				ORGANIZATIONNAME = Kim_Xin;
				TargetAttributes = {
					9617DDCC20970BAD00A37591 = {
						CreatedOnToolsVersion = 9.3;
					};
					9617DDE020970BAE00A37591 = {
						CreatedOnToolsVersion = 9.3;
						TestTargetID = 9617DDCC20970BAD00A37591;
					};
					9617DDEB20970BAE00A37591 = {
						CreatedOnToolsVersion = 9.3;
						TestTargetID = 9617DDCC20970BAD00A37591;
					};
				};
			};
			buildConfigurationList = 9617DDC820970BAD00A37591 /* Build configuration list for PBXProject "LifeToDo" */;
			compatibilityVersion = "Xcode 9.3";
			developmentRegion = en;
			hasScannedForEncodings = 0;
			knownRegions = (
				en,
				Base,
			);
			mainGroup = 9617DDC420970BAD00A37591;
			productRefGroup = 9617DDCE20970BAD00A37591 /* Products */;
			projectDirPath = "";
			projectRoot = "";
			targets = (
				9617DDCC20970BAD00A37591 /* LifeToDo */,
				9617DDE020970BAE00A37591 /* LifeToDoTests */,
				9617DDEB20970BAE00A37591 /* LifeToDoUITests */,
			);
		};
/* End PBXProject section */

/* Begin PBXResourcesBuildPhase section */
		9617DDCB20970BAD00A37591 /* Resources */ = {
			isa = PBXResourcesBuildPhase;
			buildActionMask = 2147483647;
			files = (
				9617DDDB20970BAE00A37591 /* LaunchScreen.storyboard in Resources */,
				9617DDFF20970BD500A37591 /* GoogleService-Info.plist in Resources */,
				9617DDD820970BAE00A37591 /* Assets.xcassets in Resources */,
				9617DDD620970BAD00A37591 /* Main.storyboard in Resources */,
			);
			runOnlyForDeploymentPostprocessing = 0;
		};
		9617DDDF20970BAE00A37591 /* Resources */ = {
			isa = PBXResourcesBuildPhase;
			buildActionMask = 2147483647;
			files = (
			);
			runOnlyForDeploymentPostprocessing = 0;
		};
		9617DDEA20970BAE00A37591 /* Resources */ = {
			isa = PBXResourcesBuildPhase;
			buildActionMask = 2147483647;
			files = (
			);
			runOnlyForDeploymentPostprocessing = 0;
		};
/* End PBXResourcesBuildPhase section */

/* Begin PBXShellScriptBuildPhase section */
		519B401DD7A95CF09ECE5BF7 /* [CP] Embed Pods Frameworks */ = {
			isa = PBXShellScriptBuildPhase;
			buildActionMask = 2147483647;
			files = (
			);
			inputPaths = (
				"${SRCROOT}/Pods/Target Support Files/Pods-LifeToDo/Pods-LifeToDo-frameworks.sh",
				"${BUILT_PRODUCTS_DIR}/GoogleToolboxForMac/GoogleToolboxForMac.framework",
				"${BUILT_PRODUCTS_DIR}/leveldb-library/leveldb.framework",
				"${BUILT_PRODUCTS_DIR}/nanopb/nanopb.framework",
			);
			name = "[CP] Embed Pods Frameworks";
			outputPaths = (
				"${TARGET_BUILD_DIR}/${FRAMEWORKS_FOLDER_PATH}/GoogleToolboxForMac.framework",
				"${TARGET_BUILD_DIR}/${FRAMEWORKS_FOLDER_PATH}/leveldb.framework",
				"${TARGET_BUILD_DIR}/${FRAMEWORKS_FOLDER_PATH}/nanopb.framework",
			);
			runOnlyForDeploymentPostprocessing = 0;
			shellPath = /bin/sh;
			shellScript = "\"${SRCROOT}/Pods/Target Support Files/Pods-LifeToDo/Pods-LifeToDo-frameworks.sh\"\n";
			showEnvVarsInLog = 0;
		};
		6ADD5986EFE93483F02F9EE9 /* [CP] Check Pods Manifest.lock */ = {
			isa = PBXShellScriptBuildPhase;
			buildActionMask = 2147483647;
			files = (
			);
			inputPaths = (
				"${PODS_PODFILE_DIR_PATH}/Podfile.lock",
				"${PODS_ROOT}/Manifest.lock",
			);
			name = "[CP] Check Pods Manifest.lock";
			outputPaths = (
				"$(DERIVED_FILE_DIR)/Pods-LifeToDo-checkManifestLockResult.txt",
			);
			runOnlyForDeploymentPostprocessing = 0;
			shellPath = /bin/sh;
			shellScript = "diff \"${PODS_PODFILE_DIR_PATH}/Podfile.lock\" \"${PODS_ROOT}/Manifest.lock\" > /dev/null\nif [ $? != 0 ] ; then\n    # print error to STDERR\n    echo \"error: The sandbox is not in sync with the Podfile.lock. Run 'pod install' or update your CocoaPods installation.\" >&2\n    exit 1\nfi\n# This output is used by Xcode 'outputs' to avoid re-running this script phase.\necho \"SUCCESS\" > \"${SCRIPT_OUTPUT_FILE_0}\"\n";
			showEnvVarsInLog = 0;
		};
		8D5300F3192982E3E2E32E87 /* [CP] Check Pods Manifest.lock */ = {
			isa = PBXShellScriptBuildPhase;
			buildActionMask = 2147483647;
			files = (
			);
			inputPaths = (
				"${PODS_PODFILE_DIR_PATH}/Podfile.lock",
				"${PODS_ROOT}/Manifest.lock",
			);
			name = "[CP] Check Pods Manifest.lock";
			outputPaths = (
				"$(DERIVED_FILE_DIR)/Pods-LifeToDoUITests-checkManifestLockResult.txt",
			);
			runOnlyForDeploymentPostprocessing = 0;
			shellPath = /bin/sh;
			shellScript = "diff \"${PODS_PODFILE_DIR_PATH}/Podfile.lock\" \"${PODS_ROOT}/Manifest.lock\" > /dev/null\nif [ $? != 0 ] ; then\n    # print error to STDERR\n    echo \"error: The sandbox is not in sync with the Podfile.lock. Run 'pod install' or update your CocoaPods installation.\" >&2\n    exit 1\nfi\n# This output is used by Xcode 'outputs' to avoid re-running this script phase.\necho \"SUCCESS\" > \"${SCRIPT_OUTPUT_FILE_0}\"\n";
			showEnvVarsInLog = 0;
		};
		CB97832745B31246F00ACC34 /* [CP] Check Pods Manifest.lock */ = {
			isa = PBXShellScriptBuildPhase;
			buildActionMask = 2147483647;
			files = (
			);
			inputPaths = (
				"${PODS_PODFILE_DIR_PATH}/Podfile.lock",
				"${PODS_ROOT}/Manifest.lock",
			);
			name = "[CP] Check Pods Manifest.lock";
			outputPaths = (
				"$(DERIVED_FILE_DIR)/Pods-LifeToDoTests-checkManifestLockResult.txt",
			);
			runOnlyForDeploymentPostprocessing = 0;
			shellPath = /bin/sh;
			shellScript = "diff \"${PODS_PODFILE_DIR_PATH}/Podfile.lock\" \"${PODS_ROOT}/Manifest.lock\" > /dev/null\nif [ $? != 0 ] ; then\n    # print error to STDERR\n    echo \"error: The sandbox is not in sync with the Podfile.lock. Run 'pod install' or update your CocoaPods installation.\" >&2\n    exit 1\nfi\n# This output is used by Xcode 'outputs' to avoid re-running this script phase.\necho \"SUCCESS\" > \"${SCRIPT_OUTPUT_FILE_0}\"\n";
			showEnvVarsInLog = 0;
		};
/* End PBXShellScriptBuildPhase section */

/* Begin PBXSourcesBuildPhase section */
		9617DDC920970BAD00A37591 /* Sources */ = {
			isa = PBXSourcesBuildPhase;
			buildActionMask = 2147483647;
			files = (
				9617DDD320970BAD00A37591 /* ViewController.swift in Sources */,
				9617DDD120970BAD00A37591 /* AppDelegate.swift in Sources */,
			);
			runOnlyForDeploymentPostprocessing = 0;
		};
		9617DDDD20970BAE00A37591 /* Sources */ = {
			isa = PBXSourcesBuildPhase;
			buildActionMask = 2147483647;
			files = (
				9617DDE620970BAE00A37591 /* LifeToDoTests.swift in Sources */,
			);
			runOnlyForDeploymentPostprocessing = 0;
		};
		9617DDE820970BAE00A37591 /* Sources */ = {
			isa = PBXSourcesBuildPhase;
			buildActionMask = 2147483647;
			files = (
				9617DDF120970BAE00A37591 /* LifeToDoUITests.swift in Sources */,
			);
			runOnlyForDeploymentPostprocessing = 0;
		};
/* End PBXSourcesBuildPhase section */

/* Begin PBXTargetDependency section */
		9617DDE320970BAE00A37591 /* PBXTargetDependency */ = {
			isa = PBXTargetDependency;
			target = 9617DDCC20970BAD00A37591 /* LifeToDo */;
			targetProxy = 9617DDE220970BAE00A37591 /* PBXContainerItemProxy */;
		};
		9617DDEE20970BAE00A37591 /* PBXTargetDependency */ = {
			isa = PBXTargetDependency;
			target = 9617DDCC20970BAD00A37591 /* LifeToDo */;
			targetProxy = 9617DDED20970BAE00A37591 /* PBXContainerItemProxy */;
		};
/* End PBXTargetDependency section */

/* Begin PBXVariantGroup section */
		9617DDD420970BAD00A37591 /* Main.storyboard */ = {
			isa = PBXVariantGroup;
			children = (
				9617DDD520970BAD00A37591 /* Base */,
			);
			name = Main.storyboard;
			sourceTree = "<group>";
		};
		9617DDD920970BAE00A37591 /* LaunchScreen.storyboard */ = {
			isa = PBXVariantGroup;
			children = (
				9617DDDA20970BAE00A37591 /* Base */,
			);
			name = LaunchScreen.storyboard;
			sourceTree = "<group>";
		};
/* End PBXVariantGroup section */

/* Begin XCBuildConfiguration section */
		9617DDF320970BAE00A37591 /* Debug */ = {
			isa = XCBuildConfiguration;
			buildSettings = {
				ALWAYS_SEARCH_USER_PATHS = NO;
				CLANG_ANALYZER_NONNULL = YES;
				CLANG_ANALYZER_NUMBER_OBJECT_CONVERSION = YES_AGGRESSIVE;
				CLANG_CXX_LANGUAGE_STANDARD = "gnu++14";
				CLANG_CXX_LIBRARY = "libc++";
				CLANG_ENABLE_MODULES = YES;
				CLANG_ENABLE_OBJC_ARC = YES;
				CLANG_ENABLE_OBJC_WEAK = YES;
				CLANG_WARN_BLOCK_CAPTURE_AUTORELEASING = YES;
				CLANG_WARN_BOOL_CONVERSION = YES;
				CLANG_WARN_COMMA = YES;
				CLANG_WARN_CONSTANT_CONVERSION = YES;
				CLANG_WARN_DEPRECATED_OBJC_IMPLEMENTATIONS = YES;
				CLANG_WARN_DIRECT_OBJC_ISA_USAGE = YES_ERROR;
				CLANG_WARN_DOCUMENTATION_COMMENTS = YES;
				CLANG_WARN_EMPTY_BODY = YES;
				CLANG_WARN_ENUM_CONVERSION = YES;
				CLANG_WARN_INFINITE_RECURSION = YES;
				CLANG_WARN_INT_CONVERSION = YES;
				CLANG_WARN_NON_LITERAL_NULL_CONVERSION = YES;
				CLANG_WARN_OBJC_IMPLICIT_RETAIN_SELF = YES;
				CLANG_WARN_OBJC_LITERAL_CONVERSION = YES;
				CLANG_WARN_OBJC_ROOT_CLASS = YES_ERROR;
				CLANG_WARN_RANGE_LOOP_ANALYSIS = YES;
				CLANG_WARN_STRICT_PROTOTYPES = YES;
				CLANG_WARN_SUSPICIOUS_MOVE = YES;
				CLANG_WARN_UNGUARDED_AVAILABILITY = YES_AGGRESSIVE;
				CLANG_WARN_UNREACHABLE_CODE = YES;
				CLANG_WARN__DUPLICATE_METHOD_MATCH = YES;
				CODE_SIGN_IDENTITY = "iPhone Developer";
				COPY_PHASE_STRIP = NO;
				DEBUG_INFORMATION_FORMAT = dwarf;
				ENABLE_STRICT_OBJC_MSGSEND = YES;
				ENABLE_TESTABILITY = YES;
				GCC_C_LANGUAGE_STANDARD = gnu11;
				GCC_DYNAMIC_NO_PIC = NO;
				GCC_NO_COMMON_BLOCKS = YES;
				GCC_OPTIMIZATION_LEVEL = 0;
				GCC_PREPROCESSOR_DEFINITIONS = (
					"DEBUG=1",
					"$(inherited)",
				);
				GCC_WARN_64_TO_32_BIT_CONVERSION = YES;
				GCC_WARN_ABOUT_RETURN_TYPE = YES_ERROR;
				GCC_WARN_UNDECLARED_SELECTOR = YES;
				GCC_WARN_UNINITIALIZED_AUTOS = YES_AGGRESSIVE;
				GCC_WARN_UNUSED_FUNCTION = YES;
				GCC_WARN_UNUSED_VARIABLE = YES;
				IPHONEOS_DEPLOYMENT_TARGET = 11.3;
				MTL_ENABLE_DEBUG_INFO = YES;
				ONLY_ACTIVE_ARCH = YES;
				SDKROOT = iphoneos;
				SWIFT_ACTIVE_COMPILATION_CONDITIONS = DEBUG;
				SWIFT_OPTIMIZATION_LEVEL = "-Onone";
			};
			name = Debug;
		};
		9617DDF420970BAE00A37591 /* Release */ = {
			isa = XCBuildConfiguration;
			buildSettings = {
				ALWAYS_SEARCH_USER_PATHS = NO;
				CLANG_ANALYZER_NONNULL = YES;
				CLANG_ANALYZER_NUMBER_OBJECT_CONVERSION = YES_AGGRESSIVE;
				CLANG_CXX_LANGUAGE_STANDARD = "gnu++14";
				CLANG_CXX_LIBRARY = "libc++";
				CLANG_ENABLE_MODULES = YES;
				CLANG_ENABLE_OBJC_ARC = YES;
				CLANG_ENABLE_OBJC_WEAK = YES;
				CLANG_WARN_BLOCK_CAPTURE_AUTORELEASING = YES;
				CLANG_WARN_BOOL_CONVERSION = YES;
				CLANG_WARN_COMMA = YES;
				CLANG_WARN_CONSTANT_CONVERSION = YES;
				CLANG_WARN_DEPRECATED_OBJC_IMPLEMENTATIONS = YES;
				CLANG_WARN_DIRECT_OBJC_ISA_USAGE = YES_ERROR;
				CLANG_WARN_DOCUMENTATION_COMMENTS = YES;
				CLANG_WARN_EMPTY_BODY = YES;
				CLANG_WARN_ENUM_CONVERSION = YES;
				CLANG_WARN_INFINITE_RECURSION = YES;
				CLANG_WARN_INT_CONVERSION = YES;
				CLANG_WARN_NON_LITERAL_NULL_CONVERSION = YES;
				CLANG_WARN_OBJC_IMPLICIT_RETAIN_SELF = YES;
				CLANG_WARN_OBJC_LITERAL_CONVERSION = YES;
				CLANG_WARN_OBJC_ROOT_CLASS = YES_ERROR;
				CLANG_WARN_RANGE_LOOP_ANALYSIS = YES;
				CLANG_WARN_STRICT_PROTOTYPES = YES;
				CLANG_WARN_SUSPICIOUS_MOVE = YES;
				CLANG_WARN_UNGUARDED_AVAILABILITY = YES_AGGRESSIVE;
				CLANG_WARN_UNREACHABLE_CODE = YES;
				CLANG_WARN__DUPLICATE_METHOD_MATCH = YES;
				CODE_SIGN_IDENTITY = "iPhone Developer";
				COPY_PHASE_STRIP = NO;
				DEBUG_INFORMATION_FORMAT = "dwarf-with-dsym";
				ENABLE_NS_ASSERTIONS = NO;
				ENABLE_STRICT_OBJC_MSGSEND = YES;
				GCC_C_LANGUAGE_STANDARD = gnu11;
				GCC_NO_COMMON_BLOCKS = YES;
				GCC_WARN_64_TO_32_BIT_CONVERSION = YES;
				GCC_WARN_ABOUT_RETURN_TYPE = YES_ERROR;
				GCC_WARN_UNDECLARED_SELECTOR = YES;
				GCC_WARN_UNINITIALIZED_AUTOS = YES_AGGRESSIVE;
				GCC_WARN_UNUSED_FUNCTION = YES;
				GCC_WARN_UNUSED_VARIABLE = YES;
				IPHONEOS_DEPLOYMENT_TARGET = 11.3;
				MTL_ENABLE_DEBUG_INFO = NO;
				SDKROOT = iphoneos;
				SWIFT_COMPILATION_MODE = wholemodule;
				SWIFT_OPTIMIZATION_LEVEL = "-O";
				VALIDATE_PRODUCT = YES;
			};
			name = Release;
		};
		9617DDF620970BAE00A37591 /* Debug */ = {
			isa = XCBuildConfiguration;
			baseConfigurationReference = A3C2C11A2C0065B06E788AD1 /* Pods-LifeToDo.debug.xcconfig */;
			buildSettings = {
				ASSETCATALOG_COMPILER_APPICON_NAME = AppIcon;
				CODE_SIGN_STYLE = Automatic;
				DEVELOPMENT_TEAM = 9WM2PBJXFG;
				INFOPLIST_FILE = LifeToDo/Info.plist;
				LD_RUNPATH_SEARCH_PATHS = "$(inherited) @executable_path/Frameworks";
				PRODUCT_BUNDLE_IDENTIFIER = jp.co.rubytear.LifeToDo;
				PRODUCT_NAME = "$(TARGET_NAME)";
				SWIFT_VERSION = 4.0;
				TARGETED_DEVICE_FAMILY = "1,2";
			};
			name = Debug;
		};
		9617DDF720970BAE00A37591 /* Release */ = {
			isa = XCBuildConfiguration;
			baseConfigurationReference = 5D90918403E5401ABBF4A8B2 /* Pods-LifeToDo.release.xcconfig */;
			buildSettings = {
				ASSETCATALOG_COMPILER_APPICON_NAME = AppIcon;
				CODE_SIGN_STYLE = Automatic;
				DEVELOPMENT_TEAM = 9WM2PBJXFG;
				INFOPLIST_FILE = LifeToDo/Info.plist;
				LD_RUNPATH_SEARCH_PATHS = "$(inherited) @executable_path/Frameworks";
				PRODUCT_BUNDLE_IDENTIFIER = jp.co.rubytear.LifeToDo;
				PRODUCT_NAME = "$(TARGET_NAME)";
				SWIFT_VERSION = 4.0;
				TARGETED_DEVICE_FAMILY = "1,2";
			};
			name = Release;
		};
		9617DDF920970BAE00A37591 /* Debug */ = {
			isa = XCBuildConfiguration;
			baseConfigurationReference = 229F0509B9CF4D3013E59D1B /* Pods-LifeToDoTests.debug.xcconfig */;
			buildSettings = {
				ALWAYS_EMBED_SWIFT_STANDARD_LIBRARIES = YES;
				BUNDLE_LOADER = "$(TEST_HOST)";
				CODE_SIGN_STYLE = Automatic;
				DEVELOPMENT_TEAM = 9WM2PBJXFG;
				INFOPLIST_FILE = LifeToDoTests/Info.plist;
				LD_RUNPATH_SEARCH_PATHS = "$(inherited) @executable_path/Frameworks @loader_path/Frameworks";
				PRODUCT_BUNDLE_IDENTIFIER = jp.co.rubytear.LifeToDoTests;
				PRODUCT_NAME = "$(TARGET_NAME)";
				SWIFT_VERSION = 4.0;
				TARGETED_DEVICE_FAMILY = "1,2";
				TEST_HOST = "$(BUILT_PRODUCTS_DIR)/LifeToDo.app/LifeToDo";
			};
			name = Debug;
		};
		9617DDFA20970BAE00A37591 /* Release */ = {
			isa = XCBuildConfiguration;
			baseConfigurationReference = 728A6DB51F84FC3BB3D74A05 /* Pods-LifeToDoTests.release.xcconfig */;
			buildSettings = {
				ALWAYS_EMBED_SWIFT_STANDARD_LIBRARIES = YES;
				BUNDLE_LOADER = "$(TEST_HOST)";
				CODE_SIGN_STYLE = Automatic;
				DEVELOPMENT_TEAM = 9WM2PBJXFG;
				INFOPLIST_FILE = LifeToDoTests/Info.plist;
				LD_RUNPATH_SEARCH_PATHS = "$(inherited) @executable_path/Frameworks @loader_path/Frameworks";
				PRODUCT_BUNDLE_IDENTIFIER = jp.co.rubytear.LifeToDoTests;
				PRODUCT_NAME = "$(TARGET_NAME)";
				SWIFT_VERSION = 4.0;
				TARGETED_DEVICE_FAMILY = "1,2";
				TEST_HOST = "$(BUILT_PRODUCTS_DIR)/LifeToDo.app/LifeToDo";
			};
			name = Release;
		};
		9617DDFC20970BAE00A37591 /* Debug */ = {
			isa = XCBuildConfiguration;
			baseConfigurationReference = ADE11DB92FBA2BB4549A04C3 /* Pods-LifeToDoUITests.debug.xcconfig */;
			buildSettings = {
				ALWAYS_EMBED_SWIFT_STANDARD_LIBRARIES = YES;
				CODE_SIGN_STYLE = Automatic;
				DEVELOPMENT_TEAM = 9WM2PBJXFG;
				INFOPLIST_FILE = LifeToDoUITests/Info.plist;
				LD_RUNPATH_SEARCH_PATHS = "$(inherited) @executable_path/Frameworks @loader_path/Frameworks";
				PRODUCT_BUNDLE_IDENTIFIER = jp.co.rubytear.LifeToDoUITests;
				PRODUCT_NAME = "$(TARGET_NAME)";
				SWIFT_VERSION = 4.0;
				TARGETED_DEVICE_FAMILY = "1,2";
				TEST_TARGET_NAME = LifeToDo;
			};
			name = Debug;
		};
		9617DDFD20970BAE00A37591 /* Release */ = {
			isa = XCBuildConfiguration;
			baseConfigurationReference = 1DC205A51BB68C09E8C9CC66 /* Pods-LifeToDoUITests.release.xcconfig */;
			buildSettings = {
				ALWAYS_EMBED_SWIFT_STANDARD_LIBRARIES = YES;
				CODE_SIGN_STYLE = Automatic;
				DEVELOPMENT_TEAM = 9WM2PBJXFG;
				INFOPLIST_FILE = LifeToDoUITests/Info.plist;
				LD_RUNPATH_SEARCH_PATHS = "$(inherited) @executable_path/Frameworks @loader_path/Frameworks";
				PRODUCT_BUNDLE_IDENTIFIER = jp.co.rubytear.LifeToDoUITests;
				PRODUCT_NAME = "$(TARGET_NAME)";
				SWIFT_VERSION = 4.0;
				TARGETED_DEVICE_FAMILY = "1,2";
				TEST_TARGET_NAME = LifeToDo;
			};
			name = Release;
		};
/* End XCBuildConfiguration section */

/* Begin XCConfigurationList section */
		9617DDC820970BAD00A37591 /* Build configuration list for PBXProject "LifeToDo" */ = {
			isa = XCConfigurationList;
			buildConfigurations = (
				9617DDF320970BAE00A37591 /* Debug */,
				9617DDF420970BAE00A37591 /* Release */,
			);
			defaultConfigurationIsVisible = 0;
			defaultConfigurationName = Release;
		};
		9617DDF520970BAE00A37591 /* Build configuration list for PBXNativeTarget "LifeToDo" */ = {
			isa = XCConfigurationList;
			buildConfigurations = (
				9617DDF620970BAE00A37591 /* Debug */,
				9617DDF720970BAE00A37591 /* Release */,
			);
			defaultConfigurationIsVisible = 0;
			defaultConfigurationName = Release;
		};
		9617DDF820970BAE00A37591 /* Build configuration list for PBXNativeTarget "LifeToDoTests" */ = {
			isa = XCConfigurationList;
			buildConfigurations = (
				9617DDF920970BAE00A37591 /* Debug */,
				9617DDFA20970BAE00A37591 /* Release */,
			);
			defaultConfigurationIsVisible = 0;
			defaultConfigurationName = Release;
		};
		9617DDFB20970BAE00A37591 /* Build configuration list for PBXNativeTarget "LifeToDoUITests" */ = {
			isa = XCConfigurationList;
			buildConfigurations = (
				9617DDFC20970BAE00A37591 /* Debug */,
				9617DDFD20970BAE00A37591 /* Release */,
			);
			defaultConfigurationIsVisible = 0;
			defaultConfigurationName = Release;
		};
/* End XCConfigurationList section */
	};
	rootObject = 9617DDC520970BAD00A37591 /* Project object */;
}
